
Microsoft Visual Studio Solution File, Format Version 12.00
# Visual Studio Version 17
VisualStudioVersion = 17.0.31903.59
MinimumVisualStudioVersion = 10.0.40219.1
Project("{FAE04EC0-301F-11D3-BF4B-00C04F79EFBC}") = "KMN_Tontine.API", "KMN_Tontine.API\KMN_Tontine.API.csproj", "{457A3710-2CB3-4626-8317-983F4DFDC2DA}"
EndProject
Project("{FAE04EC0-301F-11D3-BF4B-00C04F79EFBC}") = "KMN_Tontine.Application", "KMN_Tontine.Application\KMN_Tontine.Application.csproj", "{962A8BEC-F849-4061-B3E3-7E282457C6D0}"
EndProject
Project("{FAE04EC0-301F-11D3-BF4B-00C04F79EFBC}") = "KMN_Tontine.Domain", "KMN_Tontine.Domain\KMN_Tontine.Domain.csproj", "{6D076D89-75EF-473C-9845-7E2C8DA1357F}"
EndProject
Project("{FAE04EC0-301F-11D3-BF4B-00C04F79EFBC}") = "KMN_Tontine.Infrastructure", "KMN_Tontine.Infrastructure\KMN_Tontine.Infrastructure.csproj", "{FF9C56C2-D721-4C6B-8A62-E91200C921EC}"
EndProject
Project("{2150E333-8FDC-42A3-9474-1A3956D46DE8}") = "Solution Items", "Solution Items", "{02EA681E-C7D8-13C7-8484-4AC65E1B71E8}"
	ProjectSection(SolutionItems) = preProject
		.editorconfig = .editorconfig
	EndProjectSection
EndProject
Project("{FAE04EC0-301F-11D3-BF4B-00C04F79EFBC}") = "KMN_Tontine.Blazor.Server.UI", "KMN_Tontine.Blazor.Server.UI\KMN_Tontine.Blazor.Server.UI\KMN_Tontine.Blazor.Server.UI.csproj", "{20517DF1-DFFE-4A86-9432-F43A286FF58B}"
EndProject
Global
	GlobalSection(SolutionConfigurationPlatforms) = preSolution
		Debug|Any CPU = Debug|Any CPU
		Debug|x64 = Debug|x64
		Debug|x86 = Debug|x86
		Release|Any CPU = Release|Any CPU
		Release|x64 = Release|x64
		Release|x86 = Release|x86
	EndGlobalSection
	GlobalSection(ProjectConfigurationPlatforms) = postSolution
		{457A3710-2CB3-4626-8317-983F4DFDC2DA}.Debug|Any CPU.ActiveCfg = Debug|Any CPU
		{457A3710-2CB3-4626-8317-983F4DFDC2DA}.Debug|Any CPU.Build.0 = Debug|Any CPU
		{457A3710-2CB3-4626-8317-983F4DFDC2DA}.Debug|x64.ActiveCfg = Debug|Any CPU
		{457A3710-2CB3-4626-8317-983F4DFDC2DA}.Debug|x64.Build.0 = Debug|Any CPU
		{457A3710-2CB3-4626-8317-983F4DFDC2DA}.Debug|x86.ActiveCfg = Debug|Any CPU
		{457A3710-2CB3-4626-8317-983F4DFDC2DA}.Debug|x86.Build.0 = Debug|Any CPU
		{457A3710-2CB3-4626-8317-983F4DFDC2DA}.Release|Any CPU.ActiveCfg = Release|Any CPU
		{457A3710-2CB3-4626-8317-983F4DFDC2DA}.Release|Any CPU.Build.0 = Release|Any CPU
		{457A3710-2CB3-4626-8317-983F4DFDC2DA}.Release|x64.ActiveCfg = Release|Any CPU
		{457A3710-2CB3-4626-8317-983F4DFDC2DA}.Release|x64.Build.0 = Release|Any CPU
		{457A3710-2CB3-4626-8317-983F4DFDC2DA}.Release|x86.ActiveCfg = Release|Any CPU
		{457A3710-2CB3-4626-8317-983F4DFDC2DA}.Release|x86.Build.0 = Release|Any CPU
		{962A8BEC-F849-4061-B3E3-7E282457C6D0}.Debug|Any CPU.ActiveCfg = Debug|Any CPU
		{962A8BEC-F849-4061-B3E3-7E282457C6D0}.Debug|Any CPU.Build.0 = Debug|Any CPU
		{962A8BEC-F849-4061-B3E3-7E282457C6D0}.Debug|x64.ActiveCfg = Debug|Any CPU
		{962A8BEC-F849-4061-B3E3-7E282457C6D0}.Debug|x64.Build.0 = Debug|Any CPU
		{962A8BEC-F849-4061-B3E3-7E282457C6D0}.Debug|x86.ActiveCfg = Debug|Any CPU
		{962A8BEC-F849-4061-B3E3-7E282457C6D0}.Debug|x86.Build.0 = Debug|Any CPU
		{962A8BEC-F849-4061-B3E3-7E282457C6D0}.Release|Any CPU.ActiveCfg = Release|Any CPU
		{962A8BEC-F849-4061-B3E3-7E282457C6D0}.Release|Any CPU.Build.0 = Release|Any CPU
		{962A8BEC-F849-4061-B3E3-7E282457C6D0}.Release|x64.ActiveCfg = Release|Any CPU
		{962A8BEC-F849-4061-B3E3-7E282457C6D0}.Release|x64.Build.0 = Release|Any CPU
		{962A8BEC-F849-4061-B3E3-7E282457C6D0}.Release|x86.ActiveCfg = Release|Any CPU
		{962A8BEC-F849-4061-B3E3-7E282457C6D0}.Release|x86.Build.0 = Release|Any CPU
		{6D076D89-75EF-473C-9845-7E2C8DA1357F}.Debug|Any CPU.ActiveCfg = Debug|Any CPU
		{6D076D89-75EF-473C-9845-7E2C8DA1357F}.Debug|Any CPU.Build.0 = Debug|Any CPU
		{6D076D89-75EF-473C-9845-7E2C8DA1357F}.Debug|x64.ActiveCfg = Debug|Any CPU
		{6D076D89-75EF-473C-9845-7E2C8DA1357F}.Debug|x64.Build.0 = Debug|Any CPU
		{6D076D89-75EF-473C-9845-7E2C8DA1357F}.Debug|x86.ActiveCfg = Debug|Any CPU
		{6D076D89-75EF-473C-9845-7E2C8DA1357F}.Debug|x86.Build.0 = Debug|Any CPU
		{6D076D89-75EF-473C-9845-7E2C8DA1357F}.Release|Any CPU.ActiveCfg = Release|Any CPU
		{6D076D89-75EF-473C-9845-7E2C8DA1357F}.Release|Any CPU.Build.0 = Release|Any CPU
		{6D076D89-75EF-473C-9845-7E2C8DA1357F}.Release|x64.ActiveCfg = Release|Any CPU
		{6D076D89-75EF-473C-9845-7E2C8DA1357F}.Release|x64.Build.0 = Release|Any CPU
		{6D076D89-75EF-473C-9845-7E2C8DA1357F}.Release|x86.ActiveCfg = Release|Any CPU
		{6D076D89-75EF-473C-9845-7E2C8DA1357F}.Release|x86.Build.0 = Release|Any CPU
		{FF9C56C2-D721-4C6B-8A62-E91200C921EC}.Debug|Any CPU.ActiveCfg = Debug|Any CPU
		{FF9C56C2-D721-4C6B-8A62-E91200C921EC}.Debug|Any CPU.Build.0 = Debug|Any CPU
		{FF9C56C2-D721-4C6B-8A62-E91200C921EC}.Debug|x64.ActiveCfg = Debug|Any CPU
		{FF9C56C2-D721-4C6B-8A62-E91200C921EC}.Debug|x64.Build.0 = Debug|Any CPU
		{FF9C56C2-D721-4C6B-8A62-E91200C921EC}.Debug|x86.ActiveCfg = Debug|Any CPU
		{FF9C56C2-D721-4C6B-8A62-E91200C921EC}.Debug|x86.Build.0 = Debug|Any CPU
		{FF9C56C2-D721-4C6B-8A62-E91200C921EC}.Release|Any CPU.ActiveCfg = Release|Any CPU
		{FF9C56C2-D721-4C6B-8A62-E91200C921EC}.Release|Any CPU.Build.0 = Release|Any CPU
		{FF9C56C2-D721-4C6B-8A62-E91200C921EC}.Release|x64.ActiveCfg = Release|Any CPU
		{FF9C56C2-D721-4C6B-8A62-E91200C921EC}.Release|x64.Build.0 = Release|Any CPU
		{FF9C56C2-D721-4C6B-8A62-E91200C921EC}.Release|x86.ActiveCfg = Release|Any CPU
		{FF9C56C2-D721-4C6B-8A62-E91200C921EC}.Release|x86.Build.0 = Release|Any CPU
		{20517DF1-DFFE-4A86-9432-F43A286FF58B}.Debug|Any CPU.ActiveCfg = Debug|Any CPU
		{20517DF1-DFFE-4A86-9432-F43A286FF58B}.Debug|Any CPU.Build.0 = Debug|Any CPU
		{20517DF1-DFFE-4A86-9432-F43A286FF58B}.Debug|x64.ActiveCfg = Debug|Any CPU
		{20517DF1-DFFE-4A86-9432-F43A286FF58B}.Debug|x64.Build.0 = Debug|Any CPU
		{20517DF1-DFFE-4A86-9432-F43A286FF58B}.Debug|x86.ActiveCfg = Debug|Any CPU
		{20517DF1-DFFE-4A86-9432-F43A286FF58B}.Debug|x86.Build.0 = Debug|Any CPU
		{20517DF1-DFFE-4A86-9432-F43A286FF58B}.Release|Any CPU.ActiveCfg = Release|Any CPU
		{20517DF1-DFFE-4A86-9432-F43A286FF58B}.Release|Any CPU.Build.0 = Release|Any CPU
		{20517DF1-DFFE-4A86-9432-F43A286FF58B}.Release|x64.ActiveCfg = Release|Any CPU
		{20517DF1-DFFE-4A86-9432-F43A286FF58B}.Release|x64.Build.0 = Release|Any CPU
		{20517DF1-DFFE-4A86-9432-F43A286FF58B}.Release|x86.ActiveCfg = Release|Any CPU
		{20517DF1-DFFE-4A86-9432-F43A286FF58B}.Release|x86.Build.0 = Release|Any CPU
	EndGlobalSection
	GlobalSection(SolutionProperties) = preSolution
		HideSolutionNode = FALSE
	EndGlobalSection
	GlobalSection(ExtensibilityGlobals) = postSolution
		SolutionGuid = {66A379DC-7355-475D-B261-40DB5B4FDB0B}
	EndGlobalSection
EndGlobal
